
Microsoft Visual Studio Solution File, Format Version 12.00
Project("{FAE04EC0-301F-11D3-BF4B-00C04F79EFBC}") = "zoo", "zoo\zoo.csproj", "{859FCE93-FC57-4D1E-93F8-ACEDF9AF285C}"
EndProject
Project("{FAE04EC0-301F-11D3-BF4B-00C04F79EFBC}") = "marathon", "marathon\marathon.csproj", "{0D84E193-6F94-4337-8AD2-B0D5CFD2A6E9}"
EndProject
Project("{FAE04EC0-301F-11D3-BF4B-00C04F79EFBC}") = "rectangles", "rectangles\rectangles.csproj", "{0547F56B-27E6-4BF2-8956-4152B5D0D504}"
EndProject
Project("{FAE04EC0-301F-11D3-BF4B-00C04F79EFBC}") = "bank", "bank\bank.csproj", "{FD4975BA-0F8A-4C2A-BD28-FE277CAEB0E8}"
EndProject
Project("{FAE04EC0-301F-11D3-BF4B-00C04F79EFBC}") = "realestate", "realestate\realestate.csproj", "{BFA093A1-4EFD-41D1-B67C-3C9989D40135}"
EndProject
Project("{FAE04EC0-301F-11D3-BF4B-00C04F79EFBC}") = "isprime", "isprime\isprime.csproj", "{F8EB5BD0-CC2A-4DFF-9781-2219EBEF308A}"
EndProject
Project("{FAE04EC0-301F-11D3-BF4B-00C04F79EFBC}") = "isprime_test", "isprime_test\isprime_test.csproj", "{2D85EE9C-FC9F-4F52-ACEC-4FC7189DB278}"
EndProject
Project("{FAE04EC0-301F-11D3-BF4B-00C04F79EFBC}") = "Stats", "Stats\Stats.csproj", "{76713FCB-C484-459C-8AFB-6AB4AA1DC788}"
EndProject
Project("{FAE04EC0-301F-11D3-BF4B-00C04F79EFBC}") = "Stat_Test", "Stat_Test\Stat_Test.csproj", "{DF64E142-AC82-4C2A-9E00-56FB006AE272}"
EndProject
Project("{FAE04EC0-301F-11D3-BF4B-00C04F79EFBC}") = "Pitfall", "Pitfall\Pitfall.csproj", "{04B32C23-71CC-4AF2-A92B-8B5AD69B8C36}"
EndProject
Project("{FAE04EC0-301F-11D3-BF4B-00C04F79EFBC}") = "Food", "Food\Food.csproj", "{F0EE6244-0370-4A98-8ECC-E201CEBDFA1E}"
EndProject
Project("{FAE04EC0-301F-11D3-BF4B-00C04F79EFBC}") = "Food_Test", "Food_Test\Food_Test.csproj", "{915DA5E6-D0AD-4F9A-8323-50883F38D1E8}"
EndProject
Global
	GlobalSection(SolutionConfigurationPlatforms) = preSolution
		Debug|Any CPU = Debug|Any CPU
		Release|Any CPU = Release|Any CPU
	EndGlobalSection
	GlobalSection(ProjectConfigurationPlatforms) = postSolution
		{859FCE93-FC57-4D1E-93F8-ACEDF9AF285C}.Debug|Any CPU.ActiveCfg = Debug|Any CPU
		{859FCE93-FC57-4D1E-93F8-ACEDF9AF285C}.Debug|Any CPU.Build.0 = Debug|Any CPU
		{859FCE93-FC57-4D1E-93F8-ACEDF9AF285C}.Release|Any CPU.ActiveCfg = Release|Any CPU
		{859FCE93-FC57-4D1E-93F8-ACEDF9AF285C}.Release|Any CPU.Build.0 = Release|Any CPU
		{0D84E193-6F94-4337-8AD2-B0D5CFD2A6E9}.Debug|Any CPU.ActiveCfg = Debug|Any CPU
		{0D84E193-6F94-4337-8AD2-B0D5CFD2A6E9}.Debug|Any CPU.Build.0 = Debug|Any CPU
		{0D84E193-6F94-4337-8AD2-B0D5CFD2A6E9}.Release|Any CPU.ActiveCfg = Release|Any CPU
		{0D84E193-6F94-4337-8AD2-B0D5CFD2A6E9}.Release|Any CPU.Build.0 = Release|Any CPU
		{0547F56B-27E6-4BF2-8956-4152B5D0D504}.Debug|Any CPU.ActiveCfg = Debug|Any CPU
		{0547F56B-27E6-4BF2-8956-4152B5D0D504}.Debug|Any CPU.Build.0 = Debug|Any CPU
		{0547F56B-27E6-4BF2-8956-4152B5D0D504}.Release|Any CPU.ActiveCfg = Release|Any CPU
		{0547F56B-27E6-4BF2-8956-4152B5D0D504}.Release|Any CPU.Build.0 = Release|Any CPU
		{FD4975BA-0F8A-4C2A-BD28-FE277CAEB0E8}.Debug|Any CPU.ActiveCfg = Debug|Any CPU
		{FD4975BA-0F8A-4C2A-BD28-FE277CAEB0E8}.Debug|Any CPU.Build.0 = Debug|Any CPU
		{FD4975BA-0F8A-4C2A-BD28-FE277CAEB0E8}.Release|Any CPU.ActiveCfg = Release|Any CPU
		{FD4975BA-0F8A-4C2A-BD28-FE277CAEB0E8}.Release|Any CPU.Build.0 = Release|Any CPU
		{BFA093A1-4EFD-41D1-B67C-3C9989D40135}.Debug|Any CPU.ActiveCfg = Debug|Any CPU
		{BFA093A1-4EFD-41D1-B67C-3C9989D40135}.Debug|Any CPU.Build.0 = Debug|Any CPU
		{BFA093A1-4EFD-41D1-B67C-3C9989D40135}.Release|Any CPU.ActiveCfg = Release|Any CPU
		{BFA093A1-4EFD-41D1-B67C-3C9989D40135}.Release|Any CPU.Build.0 = Release|Any CPU
		{F8EB5BD0-CC2A-4DFF-9781-2219EBEF308A}.Debug|Any CPU.ActiveCfg = Debug|Any CPU
		{F8EB5BD0-CC2A-4DFF-9781-2219EBEF308A}.Debug|Any CPU.Build.0 = Debug|Any CPU
		{F8EB5BD0-CC2A-4DFF-9781-2219EBEF308A}.Release|Any CPU.ActiveCfg = Release|Any CPU
		{F8EB5BD0-CC2A-4DFF-9781-2219EBEF308A}.Release|Any CPU.Build.0 = Release|Any CPU
		{2D85EE9C-FC9F-4F52-ACEC-4FC7189DB278}.Debug|Any CPU.ActiveCfg = Debug|Any CPU
		{2D85EE9C-FC9F-4F52-ACEC-4FC7189DB278}.Debug|Any CPU.Build.0 = Debug|Any CPU
		{2D85EE9C-FC9F-4F52-ACEC-4FC7189DB278}.Release|Any CPU.ActiveCfg = Release|Any CPU
		{2D85EE9C-FC9F-4F52-ACEC-4FC7189DB278}.Release|Any CPU.Build.0 = Release|Any CPU
		{76713FCB-C484-459C-8AFB-6AB4AA1DC788}.Debug|Any CPU.ActiveCfg = Debug|Any CPU
		{76713FCB-C484-459C-8AFB-6AB4AA1DC788}.Debug|Any CPU.Build.0 = Debug|Any CPU
		{76713FCB-C484-459C-8AFB-6AB4AA1DC788}.Release|Any CPU.ActiveCfg = Release|Any CPU
		{76713FCB-C484-459C-8AFB-6AB4AA1DC788}.Release|Any CPU.Build.0 = Release|Any CPU
		{DF64E142-AC82-4C2A-9E00-56FB006AE272}.Debug|Any CPU.ActiveCfg = Debug|Any CPU
		{DF64E142-AC82-4C2A-9E00-56FB006AE272}.Debug|Any CPU.Build.0 = Debug|Any CPU
		{DF64E142-AC82-4C2A-9E00-56FB006AE272}.Release|Any CPU.ActiveCfg = Release|Any CPU
		{DF64E142-AC82-4C2A-9E00-56FB006AE272}.Release|Any CPU.Build.0 = Release|Any CPU
		{04B32C23-71CC-4AF2-A92B-8B5AD69B8C36}.Debug|Any CPU.ActiveCfg = Debug|Any CPU
		{04B32C23-71CC-4AF2-A92B-8B5AD69B8C36}.Debug|Any CPU.Build.0 = Debug|Any CPU
		{04B32C23-71CC-4AF2-A92B-8B5AD69B8C36}.Release|Any CPU.ActiveCfg = Release|Any CPU
		{04B32C23-71CC-4AF2-A92B-8B5AD69B8C36}.Release|Any CPU.Build.0 = Release|Any CPU
		{F0EE6244-0370-4A98-8ECC-E201CEBDFA1E}.Debug|Any CPU.ActiveCfg = Debug|Any CPU
		{F0EE6244-0370-4A98-8ECC-E201CEBDFA1E}.Debug|Any CPU.Build.0 = Debug|Any CPU
		{F0EE6244-0370-4A98-8ECC-E201CEBDFA1E}.Release|Any CPU.ActiveCfg = Release|Any CPU
		{F0EE6244-0370-4A98-8ECC-E201CEBDFA1E}.Release|Any CPU.Build.0 = Release|Any CPU
		{915DA5E6-D0AD-4F9A-8323-50883F38D1E8}.Debug|Any CPU.ActiveCfg = Debug|Any CPU
		{915DA5E6-D0AD-4F9A-8323-50883F38D1E8}.Debug|Any CPU.Build.0 = Debug|Any CPU
		{915DA5E6-D0AD-4F9A-8323-50883F38D1E8}.Release|Any CPU.ActiveCfg = Release|Any CPU
		{915DA5E6-D0AD-4F9A-8323-50883F38D1E8}.Release|Any CPU.Build.0 = Release|Any CPU
	EndGlobalSection
EndGlobal
